// !$*UTF8*$!
{
	archiveVersion = 1;
	classes = {
	};
	objectVersion = 55;
	objects = {

/* Begin PBXBuildFile section */
		F37A130728CE49E000ABCC01 /* MemeRemakerService.swift in Sources */ = {isa = PBXBuildFile; fileRef = F37A130628CE49E000ABCC01 /* MemeRemakerService.swift */; };
		F37A130A28CE4DF700ABCC01 /* Constants.swift in Sources */ = {isa = PBXBuildFile; fileRef = F37A130928CE4DF700ABCC01 /* Constants.swift */; };
		F37A130C28CE774200ABCC01 /* Extensions.swift in Sources */ = {isa = PBXBuildFile; fileRef = F37A130B28CE774200ABCC01 /* Extensions.swift */; };
		F37A130E28CE865400ABCC01 /* MemeRemakerServiceTests.swift in Sources */ = {isa = PBXBuildFile; fileRef = F37A130D28CE865400ABCC01 /* MemeRemakerServiceTests.swift */; };
		F394964828C6645C005FE533 /* memeRemakerApp.swift in Sources */ = {isa = PBXBuildFile; fileRef = F394964728C6645C005FE533 /* memeRemakerApp.swift */; };
		F394964A28C6645C005FE533 /* ContentView.swift in Sources */ = {isa = PBXBuildFile; fileRef = F394964928C6645C005FE533 /* ContentView.swift */; };
		F394964C28C6645D005FE533 /* Assets.xcassets in Resources */ = {isa = PBXBuildFile; fileRef = F394964B28C6645D005FE533 /* Assets.xcassets */; };
		F394964F28C6645D005FE533 /* Preview Assets.xcassets in Resources */ = {isa = PBXBuildFile; fileRef = F394964E28C6645D005FE533 /* Preview Assets.xcassets */; };
		F394965928C6645E005FE533 /* memeRemakerTests.swift in Sources */ = {isa = PBXBuildFile; fileRef = F394965828C6645E005FE533 /* memeRemakerTests.swift */; };
		F394966328C6645E005FE533 /* memeRemakerUITests.swift in Sources */ = {isa = PBXBuildFile; fileRef = F394966228C6645E005FE533 /* memeRemakerUITests.swift */; };
		F394966528C6645E005FE533 /* memeRemakerUITestsLaunchTests.swift in Sources */ = {isa = PBXBuildFile; fileRef = F394966428C6645E005FE533 /* memeRemakerUITestsLaunchTests.swift */; };
		F394967328C66502005FE533 /* MemeTextField.swift in Sources */ = {isa = PBXBuildFile; fileRef = F394967228C66502005FE533 /* MemeTextField.swift */; };
		F394967528C66658005FE533 /* memeRemakerViewModel.swift in Sources */ = {isa = PBXBuildFile; fileRef = F394967428C66658005FE533 /* memeRemakerViewModel.swift */; };
		F394967D28C66CED005FE533 /* memeRemakerViewModelTests.swift in Sources */ = {isa = PBXBuildFile; fileRef = F394967C28C66CED005FE533 /* memeRemakerViewModelTests.swift */; };
/* End PBXBuildFile section */

/* Begin PBXContainerItemProxy section */
		F394965528C6645E005FE533 /* PBXContainerItemProxy */ = {
			isa = PBXContainerItemProxy;
			containerPortal = F394963C28C6645C005FE533 /* Project object */;
			proxyType = 1;
			remoteGlobalIDString = F394964328C6645C005FE533;
			remoteInfo = memeRemaker;
		};
		F394965F28C6645E005FE533 /* PBXContainerItemProxy */ = {
			isa = PBXContainerItemProxy;
			containerPortal = F394963C28C6645C005FE533 /* Project object */;
			proxyType = 1;
			remoteGlobalIDString = F394964328C6645C005FE533;
			remoteInfo = memeRemaker;
		};
		F394967E28C66CED005FE533 /* PBXContainerItemProxy */ = {
			isa = PBXContainerItemProxy;
			containerPortal = F394963C28C6645C005FE533 /* Project object */;
			proxyType = 1;
			remoteGlobalIDString = F394964328C6645C005FE533;
			remoteInfo = memeRemaker;
		};
/* End PBXContainerItemProxy section */

/* Begin PBXFileReference section */
		F37A130628CE49E000ABCC01 /* MemeRemakerService.swift */ = {isa = PBXFileReference; lastKnownFileType = sourcecode.swift; path = MemeRemakerService.swift; sourceTree = "<group>"; };
		F37A130928CE4DF700ABCC01 /* Constants.swift */ = {isa = PBXFileReference; lastKnownFileType = sourcecode.swift; path = Constants.swift; sourceTree = "<group>"; };
		F37A130B28CE774200ABCC01 /* Extensions.swift */ = {isa = PBXFileReference; lastKnownFileType = sourcecode.swift; path = Extensions.swift; sourceTree = "<group>"; };
		F37A130D28CE865400ABCC01 /* MemeRemakerServiceTests.swift */ = {isa = PBXFileReference; lastKnownFileType = sourcecode.swift; path = MemeRemakerServiceTests.swift; sourceTree = "<group>"; };
		F394964428C6645C005FE533 /* memeRemaker.app */ = {isa = PBXFileReference; explicitFileType = wrapper.application; includeInIndex = 0; path = memeRemaker.app; sourceTree = BUILT_PRODUCTS_DIR; };
		F394964728C6645C005FE533 /* memeRemakerApp.swift */ = {isa = PBXFileReference; lastKnownFileType = sourcecode.swift; path = memeRemakerApp.swift; sourceTree = "<group>"; };
		F394964928C6645C005FE533 /* ContentView.swift */ = {isa = PBXFileReference; lastKnownFileType = sourcecode.swift; path = ContentView.swift; sourceTree = "<group>"; };
		F394964B28C6645D005FE533 /* Assets.xcassets */ = {isa = PBXFileReference; lastKnownFileType = folder.assetcatalog; path = Assets.xcassets; sourceTree = "<group>"; };
		F394964E28C6645D005FE533 /* Preview Assets.xcassets */ = {isa = PBXFileReference; lastKnownFileType = folder.assetcatalog; path = "Preview Assets.xcassets"; sourceTree = "<group>"; };
		F394965428C6645E005FE533 /* memeRemakerTests.xctest */ = {isa = PBXFileReference; explicitFileType = wrapper.cfbundle; includeInIndex = 0; path = memeRemakerTests.xctest; sourceTree = BUILT_PRODUCTS_DIR; };
		F394965828C6645E005FE533 /* memeRemakerTests.swift */ = {isa = PBXFileReference; lastKnownFileType = sourcecode.swift; path = memeRemakerTests.swift; sourceTree = "<group>"; };
		F394965E28C6645E005FE533 /* memeRemakerUITests.xctest */ = {isa = PBXFileReference; explicitFileType = wrapper.cfbundle; includeInIndex = 0; path = memeRemakerUITests.xctest; sourceTree = BUILT_PRODUCTS_DIR; };
		F394966228C6645E005FE533 /* memeRemakerUITests.swift */ = {isa = PBXFileReference; lastKnownFileType = sourcecode.swift; path = memeRemakerUITests.swift; sourceTree = "<group>"; };
		F394966428C6645E005FE533 /* memeRemakerUITestsLaunchTests.swift */ = {isa = PBXFileReference; lastKnownFileType = sourcecode.swift; path = memeRemakerUITestsLaunchTests.swift; sourceTree = "<group>"; };
		F394967228C66502005FE533 /* MemeTextField.swift */ = {isa = PBXFileReference; lastKnownFileType = sourcecode.swift; path = MemeTextField.swift; sourceTree = "<group>"; };
		F394967428C66658005FE533 /* memeRemakerViewModel.swift */ = {isa = PBXFileReference; lastKnownFileType = sourcecode.swift; path = memeRemakerViewModel.swift; sourceTree = "<group>"; };
		F394967A28C66CED005FE533 /* memeRemakerViewModelTests.xctest */ = {isa = PBXFileReference; explicitFileType = wrapper.cfbundle; includeInIndex = 0; path = memeRemakerViewModelTests.xctest; sourceTree = BUILT_PRODUCTS_DIR; };
		F394967C28C66CED005FE533 /* memeRemakerViewModelTests.swift */ = {isa = PBXFileReference; lastKnownFileType = sourcecode.swift; path = memeRemakerViewModelTests.swift; sourceTree = "<group>"; };
/* End PBXFileReference section */

/* Begin PBXFrameworksBuildPhase section */
		F394964128C6645C005FE533 /* Frameworks */ = {
			isa = PBXFrameworksBuildPhase;
			buildActionMask = 2147483647;
			files = (
			);
			runOnlyForDeploymentPostprocessing = 0;
		};
		F394965128C6645E005FE533 /* Frameworks */ = {
			isa = PBXFrameworksBuildPhase;
			buildActionMask = 2147483647;
			files = (
			);
			runOnlyForDeploymentPostprocessing = 0;
		};
		F394965B28C6645E005FE533 /* Frameworks */ = {
			isa = PBXFrameworksBuildPhase;
			buildActionMask = 2147483647;
			files = (
			);
			runOnlyForDeploymentPostprocessing = 0;
		};
		F394967728C66CED005FE533 /* Frameworks */ = {
			isa = PBXFrameworksBuildPhase;
			buildActionMask = 2147483647;
			files = (
			);
			runOnlyForDeploymentPostprocessing = 0;
		};
/* End PBXFrameworksBuildPhase section */

/* Begin PBXGroup section */
		F37A130528CE49AB00ABCC01 /* Models */ = {
			isa = PBXGroup;
			children = (
				F394967428C66658005FE533 /* memeRemakerViewModel.swift */,
				F37A130928CE4DF700ABCC01 /* Constants.swift */,
			);
			path = Models;
			sourceTree = "<group>";
		};
		F37A130828CE49F200ABCC01 /* Service */ = {
			isa = PBXGroup;
			children = (
				F37A130628CE49E000ABCC01 /* MemeRemakerService.swift */,
			);
			path = Service;
			sourceTree = "<group>";
		};
		F394963B28C6645C005FE533 = {
			isa = PBXGroup;
			children = (
				F394964628C6645C005FE533 /* memeRemaker */,
				F394965728C6645E005FE533 /* memeRemakerTests */,
				F394966128C6645E005FE533 /* memeRemakerUITests */,
				F394967B28C66CED005FE533 /* memeRemakerViewModelTests */,
				F394964528C6645C005FE533 /* Products */,
			);
			sourceTree = "<group>";
		};
		F394964528C6645C005FE533 /* Products */ = {
			isa = PBXGroup;
			children = (
				F394964428C6645C005FE533 /* memeRemaker.app */,
				F394965428C6645E005FE533 /* memeRemakerTests.xctest */,
				F394965E28C6645E005FE533 /* memeRemakerUITests.xctest */,
				F394967A28C66CED005FE533 /* memeRemakerViewModelTests.xctest */,
			);
			name = Products;
			sourceTree = "<group>";
		};
		F394964628C6645C005FE533 /* memeRemaker */ = {
			isa = PBXGroup;
			children = (
				F394964728C6645C005FE533 /* memeRemakerApp.swift */,
				F394964928C6645C005FE533 /* ContentView.swift */,
				F394964B28C6645D005FE533 /* Assets.xcassets */,
				F37A130828CE49F200ABCC01 /* Service */,
				F37A130528CE49AB00ABCC01 /* Models */,
				F394967128C664ED005FE533 /* Utilities */,
				F394964D28C6645D005FE533 /* Preview Content */,
			);
			path = memeRemaker;
			sourceTree = "<group>";
		};
		F394964D28C6645D005FE533 /* Preview Content */ = {
			isa = PBXGroup;
			children = (
				F394964E28C6645D005FE533 /* Preview Assets.xcassets */,
			);
			path = "Preview Content";
			sourceTree = "<group>";
		};
		F394965728C6645E005FE533 /* memeRemakerTests */ = {
			isa = PBXGroup;
			children = (
				F394965828C6645E005FE533 /* memeRemakerTests.swift */,
			);
			path = memeRemakerTests;
			sourceTree = "<group>";
		};
		F394966128C6645E005FE533 /* memeRemakerUITests */ = {
			isa = PBXGroup;
			children = (
				F394966228C6645E005FE533 /* memeRemakerUITests.swift */,
				F394966428C6645E005FE533 /* memeRemakerUITestsLaunchTests.swift */,
			);
			path = memeRemakerUITests;
			sourceTree = "<group>";
		};
		F394967128C664ED005FE533 /* Utilities */ = {
			isa = PBXGroup;
			children = (
				F394967228C66502005FE533 /* MemeTextField.swift */,
				F37A130B28CE774200ABCC01 /* Extensions.swift */,
			);
			path = Utilities;
			sourceTree = "<group>";
		};
		F394967B28C66CED005FE533 /* memeRemakerViewModelTests */ = {
			isa = PBXGroup;
			children = (
				F37A130D28CE865400ABCC01 /* MemeRemakerServiceTests.swift */,
				F394967C28C66CED005FE533 /* memeRemakerViewModelTests.swift */,
			);
			path = memeRemakerViewModelTests;
			sourceTree = "<group>";
		};
/* End PBXGroup section */

/* Begin PBXNativeTarget section */
		F394964328C6645C005FE533 /* memeRemaker */ = {
			isa = PBXNativeTarget;
			buildConfigurationList = F394966828C6645E005FE533 /* Build configuration list for PBXNativeTarget "memeRemaker" */;
			buildPhases = (
				F394964028C6645C005FE533 /* Sources */,
				F394964128C6645C005FE533 /* Frameworks */,
				F394964228C6645C005FE533 /* Resources */,
			);
			buildRules = (
			);
			dependencies = (
			);
			name = memeRemaker;
			packageProductDependencies = (
			);
			productName = memeRemaker;
			productReference = F394964428C6645C005FE533 /* memeRemaker.app */;
			productType = "com.apple.product-type.application";
		};
		F394965328C6645E005FE533 /* memeRemakerTests */ = {
			isa = PBXNativeTarget;
			buildConfigurationList = F394966B28C6645E005FE533 /* Build configuration list for PBXNativeTarget "memeRemakerTests" */;
			buildPhases = (
				F394965028C6645E005FE533 /* Sources */,
				F394965128C6645E005FE533 /* Frameworks */,
				F394965228C6645E005FE533 /* Resources */,
			);
			buildRules = (
			);
			dependencies = (
				F394965628C6645E005FE533 /* PBXTargetDependency */,
			);
			name = memeRemakerTests;
			productName = memeRemakerTests;
			productReference = F394965428C6645E005FE533 /* memeRemakerTests.xctest */;
			productType = "com.apple.product-type.bundle.unit-test";
		};
		F394965D28C6645E005FE533 /* memeRemakerUITests */ = {
			isa = PBXNativeTarget;
			buildConfigurationList = F394966E28C6645E005FE533 /* Build configuration list for PBXNativeTarget "memeRemakerUITests" */;
			buildPhases = (
				F394965A28C6645E005FE533 /* Sources */,
				F394965B28C6645E005FE533 /* Frameworks */,
				F394965C28C6645E005FE533 /* Resources */,
			);
			buildRules = (
			);
			dependencies = (
				F394966028C6645E005FE533 /* PBXTargetDependency */,
			);
			name = memeRemakerUITests;
			productName = memeRemakerUITests;
			productReference = F394965E28C6645E005FE533 /* memeRemakerUITests.xctest */;
			productType = "com.apple.product-type.bundle.ui-testing";
		};
		F394967928C66CED005FE533 /* memeRemakerViewModelTests */ = {
			isa = PBXNativeTarget;
			buildConfigurationList = F394968028C66CED005FE533 /* Build configuration list for PBXNativeTarget "memeRemakerViewModelTests" */;
			buildPhases = (
				F394967628C66CED005FE533 /* Sources */,
				F394967728C66CED005FE533 /* Frameworks */,
				F394967828C66CED005FE533 /* Resources */,
			);
			buildRules = (
			);
			dependencies = (
				F394967F28C66CED005FE533 /* PBXTargetDependency */,
			);
			name = memeRemakerViewModelTests;
			productName = memeRemakerViewModelTests;
			productReference = F394967A28C66CED005FE533 /* memeRemakerViewModelTests.xctest */;
			productType = "com.apple.product-type.bundle.unit-test";
		};
/* End PBXNativeTarget section */

/* Begin PBXProject section */
		F394963C28C6645C005FE533 /* Project object */ = {
			isa = PBXProject;
			attributes = {
				BuildIndependentTargetsInParallel = 1;
				LastSwiftUpdateCheck = 1340;
				LastUpgradeCheck = 1340;
				TargetAttributes = {
					F394964328C6645C005FE533 = {
						CreatedOnToolsVersion = 13.4.1;
					};
					F394965328C6645E005FE533 = {
						CreatedOnToolsVersion = 13.4.1;
						TestTargetID = F394964328C6645C005FE533;
					};
					F394965D28C6645E005FE533 = {
						CreatedOnToolsVersion = 13.4.1;
						TestTargetID = F394964328C6645C005FE533;
					};
					F394967928C66CED005FE533 = {
						CreatedOnToolsVersion = 13.4.1;
						TestTargetID = F394964328C6645C005FE533;
					};
				};
			};
			buildConfigurationList = F394963F28C6645C005FE533 /* Build configuration list for PBXProject "memeRemaker" */;
			compatibilityVersion = "Xcode 13.0";
			developmentRegion = en;
			hasScannedForEncodings = 0;
			knownRegions = (
				en,
				Base,
			);
			mainGroup = F394963B28C6645C005FE533;
			packageReferences = (
			);
			productRefGroup = F394964528C6645C005FE533 /* Products */;
			projectDirPath = "";
			projectRoot = "";
			targets = (
				F394964328C6645C005FE533 /* memeRemaker */,
				F394965328C6645E005FE533 /* memeRemakerTests */,
				F394965D28C6645E005FE533 /* memeRemakerUITests */,
				F394967928C66CED005FE533 /* memeRemakerViewModelTests */,
			);
		};
/* End PBXProject section */

/* Begin PBXResourcesBuildPhase section */
		F394964228C6645C005FE533 /* Resources */ = {
			isa = PBXResourcesBuildPhase;
			buildActionMask = 2147483647;
			files = (
				F394964F28C6645D005FE533 /* Preview Assets.xcassets in Resources */,
				F394964C28C6645D005FE533 /* Assets.xcassets in Resources */,
			);
			runOnlyForDeploymentPostprocessing = 0;
		};
		F394965228C6645E005FE533 /* Resources */ = {
			isa = PBXResourcesBuildPhase;
			buildActionMask = 2147483647;
			files = (
			);
			runOnlyForDeploymentPostprocessing = 0;
		};
		F394965C28C6645E005FE533 /* Resources */ = {
			isa = PBXResourcesBuildPhase;
			buildActionMask = 2147483647;
			files = (
			);
			runOnlyForDeploymentPostprocessing = 0;
		};
		F394967828C66CED005FE533 /* Resources */ = {
			isa = PBXResourcesBuildPhase;
			buildActionMask = 2147483647;
			files = (
			);
			runOnlyForDeploymentPostprocessing = 0;
		};
/* End PBXResourcesBuildPhase section */

/* Begin PBXSourcesBuildPhase section */
		F394964028C6645C005FE533 /* Sources */ = {
			isa = PBXSourcesBuildPhase;
			buildActionMask = 2147483647;
			files = (
				F394967528C66658005FE533 /* memeRemakerViewModel.swift in Sources */,
				F394964A28C6645C005FE533 /* ContentView.swift in Sources */,
				F394964828C6645C005FE533 /* memeRemakerApp.swift in Sources */,
				F37A130728CE49E000ABCC01 /* MemeRemakerService.swift in Sources */,
				F394967328C66502005FE533 /* MemeTextField.swift in Sources */,
				F37A130A28CE4DF700ABCC01 /* Constants.swift in Sources */,
				F37A130C28CE774200ABCC01 /* Extensions.swift in Sources */,
			);
			runOnlyForDeploymentPostprocessing = 0;
		};
		F394965028C6645E005FE533 /* Sources */ = {
			isa = PBXSourcesBuildPhase;
			buildActionMask = 2147483647;
			files = (
				F394965928C6645E005FE533 /* memeRemakerTests.swift in Sources */,
			);
			runOnlyForDeploymentPostprocessing = 0;
		};
		F394965A28C6645E005FE533 /* Sources */ = {
			isa = PBXSourcesBuildPhase;
			buildActionMask = 2147483647;
			files = (
				F394966528C6645E005FE533 /* memeRemakerUITestsLaunchTests.swift in Sources */,
				F394966328C6645E005FE533 /* memeRemakerUITests.swift in Sources */,
			);
			runOnlyForDeploymentPostprocessing = 0;
		};
		F394967628C66CED005FE533 /* Sources */ = {
			isa = PBXSourcesBuildPhase;
			buildActionMask = 2147483647;
			files = (
				F394967D28C66CED005FE533 /* memeRemakerViewModelTests.swift in Sources */,
				F37A130E28CE865400ABCC01 /* MemeRemakerServiceTests.swift in Sources */,
			);
			runOnlyForDeploymentPostprocessing = 0;
		};
/* End PBXSourcesBuildPhase section */

/* Begin PBXTargetDependency section */
		F394965628C6645E005FE533 /* PBXTargetDependency */ = {
			isa = PBXTargetDependency;
			target = F394964328C6645C005FE533 /* memeRemaker */;
			targetProxy = F394965528C6645E005FE533 /* PBXContainerItemProxy */;
		};
		F394966028C6645E005FE533 /* PBXTargetDependency */ = {
			isa = PBXTargetDependency;
			target = F394964328C6645C005FE533 /* memeRemaker */;
			targetProxy = F394965F28C6645E005FE533 /* PBXContainerItemProxy */;
		};
		F394967F28C66CED005FE533 /* PBXTargetDependency */ = {
			isa = PBXTargetDependency;
			target = F394964328C6645C005FE533 /* memeRemaker */;
			targetProxy = F394967E28C66CED005FE533 /* PBXContainerItemProxy */;
		};
/* End PBXTargetDependency section */

/* Begin XCBuildConfiguration section */
		F394966628C6645E005FE533 /* Debug */ = {
			isa = XCBuildConfiguration;
			buildSettings = {
				ALWAYS_SEARCH_USER_PATHS = NO;
				CLANG_ANALYZER_NONNULL = YES;
				CLANG_ANALYZER_NUMBER_OBJECT_CONVERSION = YES_AGGRESSIVE;
				CLANG_CXX_LANGUAGE_STANDARD = "gnu++17";
				CLANG_ENABLE_MODULES = YES;
				CLANG_ENABLE_OBJC_ARC = YES;
				CLANG_ENABLE_OBJC_WEAK = YES;
				CLANG_WARN_BLOCK_CAPTURE_AUTORELEASING = YES;
				CLANG_WARN_BOOL_CONVERSION = YES;
				CLANG_WARN_COMMA = YES;
				CLANG_WARN_CONSTANT_CONVERSION = YES;
				CLANG_WARN_DEPRECATED_OBJC_IMPLEMENTATIONS = YES;
				CLANG_WARN_DIRECT_OBJC_ISA_USAGE = YES_ERROR;
				CLANG_WARN_DOCUMENTATION_COMMENTS = YES;
				CLANG_WARN_EMPTY_BODY = YES;
				CLANG_WARN_ENUM_CONVERSION = YES;
				CLANG_WARN_INFINITE_RECURSION = YES;
				CLANG_WARN_INT_CONVERSION = YES;
				CLANG_WARN_NON_LITERAL_NULL_CONVERSION = YES;
				CLANG_WARN_OBJC_IMPLICIT_RETAIN_SELF = YES;
				CLANG_WARN_OBJC_LITERAL_CONVERSION = YES;
				CLANG_WARN_OBJC_ROOT_CLASS = YES_ERROR;
				CLANG_WARN_QUOTED_INCLUDE_IN_FRAMEWORK_HEADER = YES;
				CLANG_WARN_RANGE_LOOP_ANALYSIS = YES;
				CLANG_WARN_STRICT_PROTOTYPES = YES;
				CLANG_WARN_SUSPICIOUS_MOVE = YES;
				CLANG_WARN_UNGUARDED_AVAILABILITY = YES_AGGRESSIVE;
				CLANG_WARN_UNREACHABLE_CODE = YES;
				CLANG_WARN__DUPLICATE_METHOD_MATCH = YES;
				COPY_PHASE_STRIP = NO;
				DEBUG_INFORMATION_FORMAT = dwarf;
				ENABLE_STRICT_OBJC_MSGSEND = YES;
				ENABLE_TESTABILITY = YES;
				GCC_C_LANGUAGE_STANDARD = gnu11;
				GCC_DYNAMIC_NO_PIC = NO;
				GCC_NO_COMMON_BLOCKS = YES;
				GCC_OPTIMIZATION_LEVEL = 0;
				GCC_PREPROCESSOR_DEFINITIONS = (
					"DEBUG=1",
					"$(inherited)",
				);
				GCC_WARN_64_TO_32_BIT_CONVERSION = YES;
				GCC_WARN_ABOUT_RETURN_TYPE = YES_ERROR;
				GCC_WARN_UNDECLARED_SELECTOR = YES;
				GCC_WARN_UNINITIALIZED_AUTOS = YES_AGGRESSIVE;
				GCC_WARN_UNUSED_FUNCTION = YES;
				GCC_WARN_UNUSED_VARIABLE = YES;
				IPHONEOS_DEPLOYMENT_TARGET = 15.5;
				MTL_ENABLE_DEBUG_INFO = INCLUDE_SOURCE;
				MTL_FAST_MATH = YES;
				ONLY_ACTIVE_ARCH = YES;
				SDKROOT = iphoneos;
				SWIFT_ACTIVE_COMPILATION_CONDITIONS = DEBUG;
				SWIFT_OPTIMIZATION_LEVEL = "-Onone";
			};
			name = Debug;
		};
		F394966728C6645E005FE533 /* Release */ = {
			isa = XCBuildConfiguration;
			buildSettings = {
				ALWAYS_SEARCH_USER_PATHS = NO;
				CLANG_ANALYZER_NONNULL = YES;
				CLANG_ANALYZER_NUMBER_OBJECT_CONVERSION = YES_AGGRESSIVE;
				CLANG_CXX_LANGUAGE_STANDARD = "gnu++17";
				CLANG_ENABLE_MODULES = YES;
				CLANG_ENABLE_OBJC_ARC = YES;
				CLANG_ENABLE_OBJC_WEAK = YES;
				CLANG_WARN_BLOCK_CAPTURE_AUTORELEASING = YES;
				CLANG_WARN_BOOL_CONVERSION = YES;
				CLANG_WARN_COMMA = YES;
				CLANG_WARN_CONSTANT_CONVERSION = YES;
				CLANG_WARN_DEPRECATED_OBJC_IMPLEMENTATIONS = YES;
				CLANG_WARN_DIRECT_OBJC_ISA_USAGE = YES_ERROR;
				CLANG_WARN_DOCUMENTATION_COMMENTS = YES;
				CLANG_WARN_EMPTY_BODY = YES;
				CLANG_WARN_ENUM_CONVERSION = YES;
				CLANG_WARN_INFINITE_RECURSION = YES;
				CLANG_WARN_INT_CONVERSION = YES;
				CLANG_WARN_NON_LITERAL_NULL_CONVERSION = YES;
				CLANG_WARN_OBJC_IMPLICIT_RETAIN_SELF = YES;
				CLANG_WARN_OBJC_LITERAL_CONVERSION = YES;
				CLANG_WARN_OBJC_ROOT_CLASS = YES_ERROR;
				CLANG_WARN_QUOTED_INCLUDE_IN_FRAMEWORK_HEADER = YES;
				CLANG_WARN_RANGE_LOOP_ANALYSIS = YES;
				CLANG_WARN_STRICT_PROTOTYPES = YES;
				CLANG_WARN_SUSPICIOUS_MOVE = YES;
				CLANG_WARN_UNGUARDED_AVAILABILITY = YES_AGGRESSIVE;
				CLANG_WARN_UNREACHABLE_CODE = YES;
				CLANG_WARN__DUPLICATE_METHOD_MATCH = YES;
				COPY_PHASE_STRIP = NO;
				DEBUG_INFORMATION_FORMAT = "dwarf-with-dsym";
				ENABLE_NS_ASSERTIONS = NO;
				ENABLE_STRICT_OBJC_MSGSEND = YES;
				GCC_C_LANGUAGE_STANDARD = gnu11;
				GCC_NO_COMMON_BLOCKS = YES;
				GCC_WARN_64_TO_32_BIT_CONVERSION = YES;
				GCC_WARN_ABOUT_RETURN_TYPE = YES_ERROR;
				GCC_WARN_UNDECLARED_SELECTOR = YES;
				GCC_WARN_UNINITIALIZED_AUTOS = YES_AGGRESSIVE;
				GCC_WARN_UNUSED_FUNCTION = YES;
				GCC_WARN_UNUSED_VARIABLE = YES;
				IPHONEOS_DEPLOYMENT_TARGET = 15.5;
				MTL_ENABLE_DEBUG_INFO = NO;
				MTL_FAST_MATH = YES;
				SDKROOT = iphoneos;
				SWIFT_COMPILATION_MODE = wholemodule;
				SWIFT_OPTIMIZATION_LEVEL = "-O";
				VALIDATE_PRODUCT = YES;
			};
			name = Release;
		};
		F394966928C6645E005FE533 /* Debug */ = {
			isa = XCBuildConfiguration;
			buildSettings = {
				ASSETCATALOG_COMPILER_APPICON_NAME = AppIcon;
				ASSETCATALOG_COMPILER_GLOBAL_ACCENT_COLOR_NAME = AccentColor;
				CODE_SIGN_STYLE = Automatic;
				CURRENT_PROJECT_VERSION = 1;
				DEVELOPMENT_ASSET_PATHS = "\"memeRemaker/Preview Content\"";
				DEVELOPMENT_TEAM = V243T33UAS;
				ENABLE_PREVIEWS = YES;
				GENERATE_INFOPLIST_FILE = YES;
				INFOPLIST_KEY_UIApplicationSceneManifest_Generation = YES;
				INFOPLIST_KEY_UIApplicationSupportsIndirectInputEvents = YES;
				INFOPLIST_KEY_UILaunchScreen_Generation = YES;
				INFOPLIST_KEY_UISupportedInterfaceOrientations_iPad = "UIInterfaceOrientationPortrait UIInterfaceOrientationPortraitUpsideDown UIInterfaceOrientationLandscapeLeft UIInterfaceOrientationLandscapeRight";
				INFOPLIST_KEY_UISupportedInterfaceOrientations_iPhone = "UIInterfaceOrientationPortrait UIInterfaceOrientationLandscapeLeft UIInterfaceOrientationLandscapeRight";
				LD_RUNPATH_SEARCH_PATHS = (
					"$(inherited)",
					"@executable_path/Frameworks",
				);
				MARKETING_VERSION = 1.0;
				PRODUCT_BUNDLE_IDENTIFIER = com.allisonmcentire.memeRemaker;
				PRODUCT_NAME = "$(TARGET_NAME)";
				SWIFT_EMIT_LOC_STRINGS = YES;
				SWIFT_VERSION = 5.0;
				TARGETED_DEVICE_FAMILY = "1,2";
			};
			name = Debug;
		};
		F394966A28C6645E005FE533 /* Release */ = {
			isa = XCBuildConfiguration;
			buildSettings = {
				ASSETCATALOG_COMPILER_APPICON_NAME = AppIcon;
				ASSETCATALOG_COMPILER_GLOBAL_ACCENT_COLOR_NAME = AccentColor;
				CODE_SIGN_STYLE = Automatic;
				CURRENT_PROJECT_VERSION = 1;
				DEVELOPMENT_ASSET_PATHS = "\"memeRemaker/Preview Content\"";
				DEVELOPMENT_TEAM = V243T33UAS;
				ENABLE_PREVIEWS = YES;
				GENERATE_INFOPLIST_FILE = YES;
				INFOPLIST_KEY_UIApplicationSceneManifest_Generation = YES;
				INFOPLIST_KEY_UIApplicationSupportsIndirectInputEvents = YES;
				INFOPLIST_KEY_UILaunchScreen_Generation = YES;
				INFOPLIST_KEY_UISupportedInterfaceOrientations_iPad = "UIInterfaceOrientationPortrait UIInterfaceOrientationPortraitUpsideDown UIInterfaceOrientationLandscapeLeft UIInterfaceOrientationLandscapeRight";
				INFOPLIST_KEY_UISupportedInterfaceOrientations_iPhone = "UIInterfaceOrientationPortrait UIInterfaceOrientationLandscapeLeft UIInterfaceOrientationLandscapeRight";
				LD_RUNPATH_SEARCH_PATHS = (
					"$(inherited)",
					"@executable_path/Frameworks",
				);
				MARKETING_VERSION = 1.0;
				PRODUCT_BUNDLE_IDENTIFIER = com.allisonmcentire.memeRemaker;
				PRODUCT_NAME = "$(TARGET_NAME)";
				SWIFT_EMIT_LOC_STRINGS = YES;
				SWIFT_VERSION = 5.0;
				TARGETED_DEVICE_FAMILY = "1,2";
			};
			name = Release;
		};
		F394966C28C6645E005FE533 /* Debug */ = {
			isa = XCBuildConfiguration;
			buildSettings = {
				ALWAYS_EMBED_SWIFT_STANDARD_LIBRARIES = YES;
				BUNDLE_LOADER = "$(TEST_HOST)";
				CODE_SIGN_STYLE = Automatic;
				CURRENT_PROJECT_VERSION = 1;
				DEVELOPMENT_TEAM = V243T33UAS;
				GENERATE_INFOPLIST_FILE = YES;
				IPHONEOS_DEPLOYMENT_TARGET = 15.5;
				MARKETING_VERSION = 1.0;
				PRODUCT_BUNDLE_IDENTIFIER = com.allisonmcentire.memeRemakerTests;
				PRODUCT_NAME = "$(TARGET_NAME)";
				SWIFT_EMIT_LOC_STRINGS = NO;
				SWIFT_VERSION = 5.0;
				TARGETED_DEVICE_FAMILY = "1,2";
				TEST_HOST = "$(BUILT_PRODUCTS_DIR)/memeRemaker.app/memeRemaker";
			};
			name = Debug;
		};
		F394966D28C6645E005FE533 /* Release */ = {
			isa = XCBuildConfiguration;
			buildSettings = {
				ALWAYS_EMBED_SWIFT_STANDARD_LIBRARIES = YES;
				BUNDLE_LOADER = "$(TEST_HOST)";
				CODE_SIGN_STYLE = Automatic;
				CURRENT_PROJECT_VERSION = 1;
				DEVELOPMENT_TEAM = V243T33UAS;
				GENERATE_INFOPLIST_FILE = YES;
				IPHONEOS_DEPLOYMENT_TARGET = 15.5;
				MARKETING_VERSION = 1.0;
				PRODUCT_BUNDLE_IDENTIFIER = com.allisonmcentire.memeRemakerTests;
				PRODUCT_NAME = "$(TARGET_NAME)";
				SWIFT_EMIT_LOC_STRINGS = NO;
				SWIFT_VERSION = 5.0;
				TARGETED_DEVICE_FAMILY = "1,2";
				TEST_HOST = "$(BUILT_PRODUCTS_DIR)/memeRemaker.app/memeRemaker";
			};
			name = Release;
		};
		F394966F28C6645E005FE533 /* Debug */ = {
			isa = XCBuildConfiguration;
			buildSettings = {
				ALWAYS_EMBED_SWIFT_STANDARD_LIBRARIES = YES;
				CODE_SIGN_STYLE = Automatic;
				CURRENT_PROJECT_VERSION = 1;
				DEVELOPMENT_TEAM = V243T33UAS;
				GENERATE_INFOPLIST_FILE = YES;
				MARKETING_VERSION = 1.0;
				PRODUCT_BUNDLE_IDENTIFIER = com.allisonmcentire.memeRemakerUITests;
				PRODUCT_NAME = "$(TARGET_NAME)";
				SWIFT_EMIT_LOC_STRINGS = NO;
				SWIFT_VERSION = 5.0;
				TARGETED_DEVICE_FAMILY = "1,2";
				TEST_TARGET_NAME = memeRemaker;
			};
			name = Debug;
		};
		F394967028C6645E005FE533 /* Release */ = {
			isa = XCBuildConfiguration;
			buildSettings = {
				ALWAYS_EMBED_SWIFT_STANDARD_LIBRARIES = YES;
				CODE_SIGN_STYLE = Automatic;
				CURRENT_PROJECT_VERSION = 1;
				DEVELOPMENT_TEAM = V243T33UAS;
				GENERATE_INFOPLIST_FILE = YES;
				MARKETING_VERSION = 1.0;
				PRODUCT_BUNDLE_IDENTIFIER = com.allisonmcentire.memeRemakerUITests;
				PRODUCT_NAME = "$(TARGET_NAME)";
				SWIFT_EMIT_LOC_STRINGS = NO;
				SWIFT_VERSION = 5.0;
				TARGETED_DEVICE_FAMILY = "1,2";
				TEST_TARGET_NAME = memeRemaker;
			};
			name = Release;
		};
		F394968128C66CED005FE533 /* Debug */ = {
			isa = XCBuildConfiguration;
			buildSettings = {
				BUNDLE_LOADER = "$(TEST_HOST)";
				CODE_SIGN_STYLE = Automatic;
				CURRENT_PROJECT_VERSION = 1;
				DEVELOPMENT_TEAM = V243T33UAS;
				GENERATE_INFOPLIST_FILE = YES;
				MARKETING_VERSION = 1.0;
				PRODUCT_BUNDLE_IDENTIFIER = com.allisonmcentire.memeRemakerViewModelTests;
				PRODUCT_NAME = "$(TARGET_NAME)";
				SWIFT_EMIT_LOC_STRINGS = NO;
				SWIFT_VERSION = 5.0;
				TARGETED_DEVICE_FAMILY = "1,2";
				TEST_HOST = "$(BUILT_PRODUCTS_DIR)/memeRemaker.app/memeRemaker";
			};
			name = Debug;
		};
		F394968228C66CED005FE533 /* Release */ = {
			isa = XCBuildConfiguration;
			buildSettings = {
				BUNDLE_LOADER = "$(TEST_HOST)";
				CODE_SIGN_STYLE = Automatic;
				CURRENT_PROJECT_VERSION = 1;
				DEVELOPMENT_TEAM = V243T33UAS;
				GENERATE_INFOPLIST_FILE = YES;
				MARKETING_VERSION = 1.0;
				PRODUCT_BUNDLE_IDENTIFIER = com.allisonmcentire.memeRemakerViewModelTests;
				PRODUCT_NAME = "$(TARGET_NAME)";
				SWIFT_EMIT_LOC_STRINGS = NO;
				SWIFT_VERSION = 5.0;
				TARGETED_DEVICE_FAMILY = "1,2";
				TEST_HOST = "$(BUILT_PRODUCTS_DIR)/memeRemaker.app/memeRemaker";
			};
			name = Release;
		};
/* End XCBuildConfiguration section */

/* Begin XCConfigurationList section */
		F394963F28C6645C005FE533 /* Build configuration list for PBXProject "memeRemaker" */ = {
			isa = XCConfigurationList;
			buildConfigurations = (
				F394966628C6645E005FE533 /* Debug */,
				F394966728C6645E005FE533 /* Release */,
			);
			defaultConfigurationIsVisible = 0;
			defaultConfigurationName = Release;
		};
		F394966828C6645E005FE533 /* Build configuration list for PBXNativeTarget "memeRemaker" */ = {
			isa = XCConfigurationList;
			buildConfigurations = (
				F394966928C6645E005FE533 /* Debug */,
				F394966A28C6645E005FE533 /* Release */,
			);
			defaultConfigurationIsVisible = 0;
			defaultConfigurationName = Release;
		};
		F394966B28C6645E005FE533 /* Build configuration list for PBXNativeTarget "memeRemakerTests" */ = {
			isa = XCConfigurationList;
			buildConfigurations = (
				F394966C28C6645E005FE533 /* Debug */,
				F394966D28C6645E005FE533 /* Release */,
			);
			defaultConfigurationIsVisible = 0;
			defaultConfigurationName = Release;
		};
		F394966E28C6645E005FE533 /* Build configuration list for PBXNativeTarget "memeRemakerUITests" */ = {
			isa = XCConfigurationList;
			buildConfigurations = (
				F394966F28C6645E005FE533 /* Debug */,
				F394967028C6645E005FE533 /* Release */,
			);
			defaultConfigurationIsVisible = 0;
			defaultConfigurationName = Release;
		};
		F394968028C66CED005FE533 /* Build configuration list for PBXNativeTarget "memeRemakerViewModelTests" */ = {
			isa = XCConfigurationList;
			buildConfigurations = (
				F394968128C66CED005FE533 /* Debug */,
				F394968228C66CED005FE533 /* Release */,
			);
			defaultConfigurationIsVisible = 0;
			defaultConfigurationName = Release;
		};
/* End XCConfigurationList section */
	};
	rootObject = F394963C28C6645C005FE533 /* Project object */;
}
